// !$*UTF8*$!
{
	archiveVersion = 1;
	classes = {
	};
	objectVersion = 46;
	objects = {

/* Begin PBXBuildFile section */
		551DB61C1C61B68200485A92 /* dekatomato.png in Resources */ = {isa = PBXBuildFile; fileRef = 551DB61B1C61B68200485A92 /* dekatomato.png */; };
		558DDDEA1C6199FB00816C3E /* TableViewCell.swift in Sources */ = {isa = PBXBuildFile; fileRef = 558DDDE81C6199FB00816C3E /* TableViewCell.swift */; };
		558DDDEB1C6199FB00816C3E /* TableViewCell.xib in Resources */ = {isa = PBXBuildFile; fileRef = 558DDDE91C6199FB00816C3E /* TableViewCell.xib */; };
		55A646841C607B380046BB93 /* tomatodayo.png in Resources */ = {isa = PBXBuildFile; fileRef = 55A646831C607B380046BB93 /* tomatodayo.png */; };
		55A646861C607E180046BB93 /* StartButton.png in Resources */ = {isa = PBXBuildFile; fileRef = 55A646851C607E180046BB93 /* StartButton.png */; };
		55A6468B1C608BFD0046BB93 /* HistoryViewController.swift in Sources */ = {isa = PBXBuildFile; fileRef = 55A6468A1C608BFD0046BB93 /* HistoryViewController.swift */; };
		55A646951C60F2CE0046BB93 /* mukitomada.jpg in Resources */ = {isa = PBXBuildFile; fileRef = 55A646931C60F2CE0046BB93 /* mukitomada.jpg */; };
		55A646961C60F2CE0046BB93 /* hyorotomada.jpg in Resources */ = {isa = PBXBuildFile; fileRef = 55A646941C60F2CE0046BB93 /* hyorotomada.jpg */; };
		55A646981C60F37A0046BB93 /* natural_tomada.jpg in Resources */ = {isa = PBXBuildFile; fileRef = 55A646971C60F37A0046BB93 /* natural_tomada.jpg */; };
		55A6469A1C60F6140046BB93 /* natural_tomada.png in Resources */ = {isa = PBXBuildFile; fileRef = 55A646991C60F6140046BB93 /* natural_tomada.png */; };
		55A6469C1C60FA250046BB93 /* hyoro_tomada.png in Resources */ = {isa = PBXBuildFile; fileRef = 55A6469B1C60FA250046BB93 /* hyoro_tomada.png */; };
		55B0A0F31C610E71008C81AB /* tomato.png in Resources */ = {isa = PBXBuildFile; fileRef = 55B0A0F21C610E71008C81AB /* tomato.png */; };
		55B0A0F51C610E77008C81AB /* graph.png in Resources */ = {isa = PBXBuildFile; fileRef = 55B0A0F41C610E77008C81AB /* graph.png */; };
		55B0A0F71C610E7F008C81AB /* clock.png in Resources */ = {isa = PBXBuildFile; fileRef = 55B0A0F61C610E7F008C81AB /* clock.png */; };
		55C17D191C5CB87C00E91CF8 /* AppDelegate.swift in Sources */ = {isa = PBXBuildFile; fileRef = 55C17D181C5CB87C00E91CF8 /* AppDelegate.swift */; };
		55C17D1B1C5CB87C00E91CF8 /* ViewController.swift in Sources */ = {isa = PBXBuildFile; fileRef = 55C17D1A1C5CB87C00E91CF8 /* ViewController.swift */; };
		55C17D1E1C5CB87C00E91CF8 /* Main.storyboard in Resources */ = {isa = PBXBuildFile; fileRef = 55C17D1C1C5CB87C00E91CF8 /* Main.storyboard */; };
		55C17D201C5CB87C00E91CF8 /* Assets.xcassets in Resources */ = {isa = PBXBuildFile; fileRef = 55C17D1F1C5CB87C00E91CF8 /* Assets.xcassets */; };
		55C17D231C5CB87C00E91CF8 /* LaunchScreen.storyboard in Resources */ = {isa = PBXBuildFile; fileRef = 55C17D211C5CB87C00E91CF8 /* LaunchScreen.storyboard */; };
		55C17D2E1C5CB87C00E91CF8 /* PomodoroTests.swift in Sources */ = {isa = PBXBuildFile; fileRef = 55C17D2D1C5CB87C00E91CF8 /* PomodoroTests.swift */; };
		55C17D391C5CB87C00E91CF8 /* PomodoroUITests.swift in Sources */ = {isa = PBXBuildFile; fileRef = 55C17D381C5CB87C00E91CF8 /* PomodoroUITests.swift */; };
		55C17D471C5CCE3700E91CF8 /* ClockView.swift in Sources */ = {isa = PBXBuildFile; fileRef = 55C17D461C5CCE3700E91CF8 /* ClockView.swift */; };
/* End PBXBuildFile section */

/* Begin PBXContainerItemProxy section */
		55C17D2A1C5CB87C00E91CF8 /* PBXContainerItemProxy */ = {
			isa = PBXContainerItemProxy;
			containerPortal = 55C17D0D1C5CB87C00E91CF8 /* Project object */;
			proxyType = 1;
			remoteGlobalIDString = 55C17D141C5CB87C00E91CF8;
			remoteInfo = Pomodoro;
		};
		55C17D351C5CB87C00E91CF8 /* PBXContainerItemProxy */ = {
			isa = PBXContainerItemProxy;
			containerPortal = 55C17D0D1C5CB87C00E91CF8 /* Project object */;
			proxyType = 1;
			remoteGlobalIDString = 55C17D141C5CB87C00E91CF8;
			remoteInfo = Pomodoro;
		};
/* End PBXContainerItemProxy section */

/* Begin PBXFileReference section */
		551DB61B1C61B68200485A92 /* dekatomato.png */ = {isa = PBXFileReference; lastKnownFileType = image.png; path = dekatomato.png; sourceTree = "<group>"; };
		558DDDE81C6199FB00816C3E /* TableViewCell.swift */ = {isa = PBXFileReference; fileEncoding = 4; lastKnownFileType = sourcecode.swift; path = TableViewCell.swift; sourceTree = "<group>"; };
		558DDDE91C6199FB00816C3E /* TableViewCell.xib */ = {isa = PBXFileReference; fileEncoding = 4; lastKnownFileType = file.xib; path = TableViewCell.xib; sourceTree = "<group>"; };
		55A646831C607B380046BB93 /* tomatodayo.png */ = {isa = PBXFileReference; lastKnownFileType = image.png; path = tomatodayo.png; sourceTree = "<group>"; };
		55A646851C607E180046BB93 /* StartButton.png */ = {isa = PBXFileReference; lastKnownFileType = image.png; path = StartButton.png; sourceTree = "<group>"; };
		55A6468A1C608BFD0046BB93 /* HistoryViewController.swift */ = {isa = PBXFileReference; fileEncoding = 4; lastKnownFileType = sourcecode.swift; name = HistoryViewController.swift; path = ../HistoryViewController.swift; sourceTree = "<group>"; };
		55A646931C60F2CE0046BB93 /* mukitomada.jpg */ = {isa = PBXFileReference; lastKnownFileType = image.jpeg; path = mukitomada.jpg; sourceTree = "<group>"; };
		55A646941C60F2CE0046BB93 /* hyorotomada.jpg */ = {isa = PBXFileReference; lastKnownFileType = image.jpeg; path = hyorotomada.jpg; sourceTree = "<group>"; };
		55A646971C60F37A0046BB93 /* natural_tomada.jpg */ = {isa = PBXFileReference; lastKnownFileType = image.jpeg; path = natural_tomada.jpg; sourceTree = "<group>"; };
		55A646991C60F6140046BB93 /* natural_tomada.png */ = {isa = PBXFileReference; lastKnownFileType = image.png; path = natural_tomada.png; sourceTree = "<group>"; };
		55A6469B1C60FA250046BB93 /* hyoro_tomada.png */ = {isa = PBXFileReference; lastKnownFileType = image.png; path = hyoro_tomada.png; sourceTree = "<group>"; };
		55B0A0F21C610E71008C81AB /* tomato.png */ = {isa = PBXFileReference; lastKnownFileType = image.png; path = tomato.png; sourceTree = "<group>"; };
		55B0A0F41C610E77008C81AB /* graph.png */ = {isa = PBXFileReference; lastKnownFileType = image.png; path = graph.png; sourceTree = "<group>"; };
		55B0A0F61C610E7F008C81AB /* clock.png */ = {isa = PBXFileReference; lastKnownFileType = image.png; path = clock.png; sourceTree = "<group>"; };
		55C17D151C5CB87C00E91CF8 /* Pomodoro.app */ = {isa = PBXFileReference; explicitFileType = wrapper.application; includeInIndex = 0; path = Pomodoro.app; sourceTree = BUILT_PRODUCTS_DIR; };
		55C17D181C5CB87C00E91CF8 /* AppDelegate.swift */ = {isa = PBXFileReference; lastKnownFileType = sourcecode.swift; path = AppDelegate.swift; sourceTree = "<group>"; };
		55C17D1A1C5CB87C00E91CF8 /* ViewController.swift */ = {isa = PBXFileReference; lastKnownFileType = sourcecode.swift; path = ViewController.swift; sourceTree = "<group>"; };
		55C17D1D1C5CB87C00E91CF8 /* Base */ = {isa = PBXFileReference; lastKnownFileType = file.storyboard; name = Base; path = Base.lproj/Main.storyboard; sourceTree = "<group>"; };
		55C17D1F1C5CB87C00E91CF8 /* Assets.xcassets */ = {isa = PBXFileReference; lastKnownFileType = folder.assetcatalog; path = Assets.xcassets; sourceTree = "<group>"; };
		55C17D221C5CB87C00E91CF8 /* Base */ = {isa = PBXFileReference; lastKnownFileType = file.storyboard; name = Base; path = Base.lproj/LaunchScreen.storyboard; sourceTree = "<group>"; };
		55C17D241C5CB87C00E91CF8 /* Info.plist */ = {isa = PBXFileReference; lastKnownFileType = text.plist.xml; path = Info.plist; sourceTree = "<group>"; };
		55C17D291C5CB87C00E91CF8 /* PomodoroTests.xctest */ = {isa = PBXFileReference; explicitFileType = wrapper.cfbundle; includeInIndex = 0; path = PomodoroTests.xctest; sourceTree = BUILT_PRODUCTS_DIR; };
		55C17D2D1C5CB87C00E91CF8 /* PomodoroTests.swift */ = {isa = PBXFileReference; lastKnownFileType = sourcecode.swift; path = PomodoroTests.swift; sourceTree = "<group>"; };
		55C17D2F1C5CB87C00E91CF8 /* Info.plist */ = {isa = PBXFileReference; lastKnownFileType = text.plist.xml; path = Info.plist; sourceTree = "<group>"; };
		55C17D341C5CB87C00E91CF8 /* PomodoroUITests.xctest */ = {isa = PBXFileReference; explicitFileType = wrapper.cfbundle; includeInIndex = 0; path = PomodoroUITests.xctest; sourceTree = BUILT_PRODUCTS_DIR; };
		55C17D381C5CB87C00E91CF8 /* PomodoroUITests.swift */ = {isa = PBXFileReference; lastKnownFileType = sourcecode.swift; path = PomodoroUITests.swift; sourceTree = "<group>"; };
		55C17D3A1C5CB87C00E91CF8 /* Info.plist */ = {isa = PBXFileReference; lastKnownFileType = text.plist.xml; path = Info.plist; sourceTree = "<group>"; };
		55C17D461C5CCE3700E91CF8 /* ClockView.swift */ = {isa = PBXFileReference; fileEncoding = 4; lastKnownFileType = sourcecode.swift; path = ClockView.swift; sourceTree = "<group>"; };
/* End PBXFileReference section */

/* Begin PBXFrameworksBuildPhase section */
		55C17D121C5CB87C00E91CF8 /* Frameworks */ = {
			isa = PBXFrameworksBuildPhase;
			buildActionMask = 2147483647;
			files = (
			);
			runOnlyForDeploymentPostprocessing = 0;
		};
		55C17D261C5CB87C00E91CF8 /* Frameworks */ = {
			isa = PBXFrameworksBuildPhase;
			buildActionMask = 2147483647;
			files = (
			);
			runOnlyForDeploymentPostprocessing = 0;
		};
		55C17D311C5CB87C00E91CF8 /* Frameworks */ = {
			isa = PBXFrameworksBuildPhase;
			buildActionMask = 2147483647;
			files = (
			);
			runOnlyForDeploymentPostprocessing = 0;
		};
/* End PBXFrameworksBuildPhase section */

/* Begin PBXGroup section */
		55A646871C607E240046BB93 /* Images */ = {
			isa = PBXGroup;
			children = (
				55A646831C607B380046BB93 /* tomatodayo.png */,
				55A646851C607E180046BB93 /* StartButton.png */,
				55A646931C60F2CE0046BB93 /* mukitomada.jpg */,
				55A646971C60F37A0046BB93 /* natural_tomada.jpg */,
				55A646941C60F2CE0046BB93 /* hyorotomada.jpg */,
				55B0A0F21C610E71008C81AB /* tomato.png */,
				55A646991C60F6140046BB93 /* natural_tomada.png */,
				55A6469B1C60FA250046BB93 /* hyoro_tomada.png */,
				55B0A0F41C610E77008C81AB /* graph.png */,
				55B0A0F61C610E7F008C81AB /* clock.png */,
				551DB61B1C61B68200485A92 /* dekatomato.png */,
			);
			name = Images;
			path = Pomodoro;
			sourceTree = "<group>";
		};
		55A6468E1C60DEEF0046BB93 /* Controller */ = {
			isa = PBXGroup;
			children = (
				55A6468A1C608BFD0046BB93 /* HistoryViewController.swift */,
				55C17D1A1C5CB87C00E91CF8 /* ViewController.swift */,
			);
			name = Controller;
			sourceTree = "<group>";
		};
		55A6468F1C60DF0D0046BB93 /* Model */ = {
			isa = PBXGroup;
			children = (
				558DDDE81C6199FB00816C3E /* TableViewCell.swift */,
				558DDDE91C6199FB00816C3E /* TableViewCell.xib */,
			);
			name = Model;
			sourceTree = "<group>";
		};
		55A646901C60DF2A0046BB93 /* View */ = {
			isa = PBXGroup;
			children = (
				55C17D461C5CCE3700E91CF8 /* ClockView.swift */,
			);
			name = View;
			sourceTree = "<group>";
		};
		55C17D0C1C5CB87C00E91CF8 = {
			isa = PBXGroup;
			children = (
				55C17D171C5CB87C00E91CF8 /* Pomodoro */,
				55C17D2C1C5CB87C00E91CF8 /* PomodoroTests */,
				55C17D371C5CB87C00E91CF8 /* PomodoroUITests */,
				55C17D161C5CB87C00E91CF8 /* Products */,
				55A646871C607E240046BB93 /* Images */,
			);
			sourceTree = "<group>";
		};
		55C17D161C5CB87C00E91CF8 /* Products */ = {
			isa = PBXGroup;
			children = (
				55C17D151C5CB87C00E91CF8 /* Pomodoro.app */,
				55C17D291C5CB87C00E91CF8 /* PomodoroTests.xctest */,
				55C17D341C5CB87C00E91CF8 /* PomodoroUITests.xctest */,
			);
			name = Products;
			sourceTree = "<group>";
		};
		55C17D171C5CB87C00E91CF8 /* Pomodoro */ = {
			isa = PBXGroup;
			children = (
				55A6468E1C60DEEF0046BB93 /* Controller */,
				55A6468F1C60DF0D0046BB93 /* Model */,
				55A646901C60DF2A0046BB93 /* View */,
				55C17D1C1C5CB87C00E91CF8 /* Main.storyboard */,
				55C17D1F1C5CB87C00E91CF8 /* Assets.xcassets */,
				55C17D211C5CB87C00E91CF8 /* LaunchScreen.storyboard */,
				55C17D181C5CB87C00E91CF8 /* AppDelegate.swift */,
				55C17D241C5CB87C00E91CF8 /* Info.plist */,
			);
			path = Pomodoro;
			sourceTree = "<group>";
		};
		55C17D2C1C5CB87C00E91CF8 /* PomodoroTests */ = {
			isa = PBXGroup;
			children = (
				55C17D2D1C5CB87C00E91CF8 /* PomodoroTests.swift */,
				55C17D2F1C5CB87C00E91CF8 /* Info.plist */,
			);
			path = PomodoroTests;
			sourceTree = "<group>";
		};
		55C17D371C5CB87C00E91CF8 /* PomodoroUITests */ = {
			isa = PBXGroup;
			children = (
				55C17D381C5CB87C00E91CF8 /* PomodoroUITests.swift */,
				55C17D3A1C5CB87C00E91CF8 /* Info.plist */,
			);
			path = PomodoroUITests;
			sourceTree = "<group>";
		};
/* End PBXGroup section */

/* Begin PBXNativeTarget section */
		55C17D141C5CB87C00E91CF8 /* Pomodoro */ = {
			isa = PBXNativeTarget;
			buildConfigurationList = 55C17D3D1C5CB87C00E91CF8 /* Build configuration list for PBXNativeTarget "Pomodoro" */;
			buildPhases = (
				55C17D111C5CB87C00E91CF8 /* Sources */,
				55C17D121C5CB87C00E91CF8 /* Frameworks */,
				55C17D131C5CB87C00E91CF8 /* Resources */,
			);
			buildRules = (
			);
			dependencies = (
			);
			name = Pomodoro;
			productName = Pomodoro;
			productReference = 55C17D151C5CB87C00E91CF8 /* Pomodoro.app */;
			productType = "com.apple.product-type.application";
		};
		55C17D281C5CB87C00E91CF8 /* PomodoroTests */ = {
			isa = PBXNativeTarget;
			buildConfigurationList = 55C17D401C5CB87C00E91CF8 /* Build configuration list for PBXNativeTarget "PomodoroTests" */;
			buildPhases = (
				55C17D251C5CB87C00E91CF8 /* Sources */,
				55C17D261C5CB87C00E91CF8 /* Frameworks */,
				55C17D271C5CB87C00E91CF8 /* Resources */,
			);
			buildRules = (
			);
			dependencies = (
				55C17D2B1C5CB87C00E91CF8 /* PBXTargetDependency */,
			);
			name = PomodoroTests;
			productName = PomodoroTests;
			productReference = 55C17D291C5CB87C00E91CF8 /* PomodoroTests.xctest */;
			productType = "com.apple.product-type.bundle.unit-test";
		};
		55C17D331C5CB87C00E91CF8 /* PomodoroUITests */ = {
			isa = PBXNativeTarget;
			buildConfigurationList = 55C17D431C5CB87C00E91CF8 /* Build configuration list for PBXNativeTarget "PomodoroUITests" */;
			buildPhases = (
				55C17D301C5CB87C00E91CF8 /* Sources */,
				55C17D311C5CB87C00E91CF8 /* Frameworks */,
				55C17D321C5CB87C00E91CF8 /* Resources */,
			);
			buildRules = (
			);
			dependencies = (
				55C17D361C5CB87C00E91CF8 /* PBXTargetDependency */,
			);
			name = PomodoroUITests;
			productName = PomodoroUITests;
			productReference = 55C17D341C5CB87C00E91CF8 /* PomodoroUITests.xctest */;
			productType = "com.apple.product-type.bundle.ui-testing";
		};
/* End PBXNativeTarget section */

/* Begin PBXProject section */
		55C17D0D1C5CB87C00E91CF8 /* Project object */ = {
			isa = PBXProject;
			attributes = {
				LastSwiftUpdateCheck = 0720;
				LastUpgradeCheck = 0720;
				ORGANIZATIONNAME = yatuhasiumai;
				TargetAttributes = {
					55C17D141C5CB87C00E91CF8 = {
						CreatedOnToolsVersion = 7.2;
					};
					55C17D281C5CB87C00E91CF8 = {
						CreatedOnToolsVersion = 7.2;
						TestTargetID = 55C17D141C5CB87C00E91CF8;
					};
					55C17D331C5CB87C00E91CF8 = {
						CreatedOnToolsVersion = 7.2;
						TestTargetID = 55C17D141C5CB87C00E91CF8;
					};
				};
			};
			buildConfigurationList = 55C17D101C5CB87C00E91CF8 /* Build configuration list for PBXProject "Pomodoro" */;
			compatibilityVersion = "Xcode 3.2";
			developmentRegion = English;
			hasScannedForEncodings = 0;
			knownRegions = (
				en,
				Base,
			);
			mainGroup = 55C17D0C1C5CB87C00E91CF8;
			productRefGroup = 55C17D161C5CB87C00E91CF8 /* Products */;
			projectDirPath = "";
			projectRoot = "";
			targets = (
				55C17D141C5CB87C00E91CF8 /* Pomodoro */,
				55C17D281C5CB87C00E91CF8 /* PomodoroTests */,
				55C17D331C5CB87C00E91CF8 /* PomodoroUITests */,
			);
		};
/* End PBXProject section */

/* Begin PBXResourcesBuildPhase section */
		55C17D131C5CB87C00E91CF8 /* Resources */ = {
			isa = PBXResourcesBuildPhase;
			buildActionMask = 2147483647;
			files = (
				55C17D231C5CB87C00E91CF8 /* LaunchScreen.storyboard in Resources */,
				55A646861C607E180046BB93 /* StartButton.png in Resources */,
				55A646841C607B380046BB93 /* tomatodayo.png in Resources */,
				55A6469C1C60FA250046BB93 /* hyoro_tomada.png in Resources */,
				55B0A0F31C610E71008C81AB /* tomato.png in Resources */,
				55A646961C60F2CE0046BB93 /* hyorotomada.jpg in Resources */,
				55B0A0F51C610E77008C81AB /* graph.png in Resources */,
				55C17D201C5CB87C00E91CF8 /* Assets.xcassets in Resources */,
				55A646981C60F37A0046BB93 /* natural_tomada.jpg in Resources */,
				558DDDEB1C6199FB00816C3E /* TableViewCell.xib in Resources */,
				55A6469A1C60F6140046BB93 /* natural_tomada.png in Resources */,
				55C17D1E1C5CB87C00E91CF8 /* Main.storyboard in Resources */,
				55A646951C60F2CE0046BB93 /* mukitomada.jpg in Resources */,
				55B0A0F71C610E7F008C81AB /* clock.png in Resources */,
				551DB61C1C61B68200485A92 /* dekatomato.png in Resources */,
			);
			runOnlyForDeploymentPostprocessing = 0;
		};
		55C17D271C5CB87C00E91CF8 /* Resources */ = {
			isa = PBXResourcesBuildPhase;
			buildActionMask = 2147483647;
			files = (
			);
			runOnlyForDeploymentPostprocessing = 0;
		};
		55C17D321C5CB87C00E91CF8 /* Resources */ = {
			isa = PBXResourcesBuildPhase;
			buildActionMask = 2147483647;
			files = (
			);
			runOnlyForDeploymentPostprocessing = 0;
		};
/* End PBXResourcesBuildPhase section */

/* Begin PBXSourcesBuildPhase section */
		55C17D111C5CB87C00E91CF8 /* Sources */ = {
			isa = PBXSourcesBuildPhase;
			buildActionMask = 2147483647;
			files = (
				55C17D1B1C5CB87C00E91CF8 /* ViewController.swift in Sources */,
				55C17D471C5CCE3700E91CF8 /* ClockView.swift in Sources */,
				55C17D191C5CB87C00E91CF8 /* AppDelegate.swift in Sources */,
				558DDDEA1C6199FB00816C3E /* TableViewCell.swift in Sources */,
				55A6468B1C608BFD0046BB93 /* HistoryViewController.swift in Sources */,
			);
			runOnlyForDeploymentPostprocessing = 0;
		};
		55C17D251C5CB87C00E91CF8 /* Sources */ = {
			isa = PBXSourcesBuildPhase;
			buildActionMask = 2147483647;
			files = (
				55C17D2E1C5CB87C00E91CF8 /* PomodoroTests.swift in Sources */,
			);
			runOnlyForDeploymentPostprocessing = 0;
		};
		55C17D301C5CB87C00E91CF8 /* Sources */ = {
			isa = PBXSourcesBuildPhase;
			buildActionMask = 2147483647;
			files = (
				55C17D391C5CB87C00E91CF8 /* PomodoroUITests.swift in Sources */,
			);
			runOnlyForDeploymentPostprocessing = 0;
		};
/* End PBXSourcesBuildPhase section */

/* Begin PBXTargetDependency section */
		55C17D2B1C5CB87C00E91CF8 /* PBXTargetDependency */ = {
			isa = PBXTargetDependency;
			target = 55C17D141C5CB87C00E91CF8 /* Pomodoro */;
			targetProxy = 55C17D2A1C5CB87C00E91CF8 /* PBXContainerItemProxy */;
		};
		55C17D361C5CB87C00E91CF8 /* PBXTargetDependency */ = {
			isa = PBXTargetDependency;
			target = 55C17D141C5CB87C00E91CF8 /* Pomodoro */;
			targetProxy = 55C17D351C5CB87C00E91CF8 /* PBXContainerItemProxy */;
		};
/* End PBXTargetDependency section */

/* Begin PBXVariantGroup section */
		55C17D1C1C5CB87C00E91CF8 /* Main.storyboard */ = {
			isa = PBXVariantGroup;
			children = (
				55C17D1D1C5CB87C00E91CF8 /* Base */,
			);
			name = Main.storyboard;
			sourceTree = "<group>";
		};
		55C17D211C5CB87C00E91CF8 /* LaunchScreen.storyboard */ = {
			isa = PBXVariantGroup;
			children = (
				55C17D221C5CB87C00E91CF8 /* Base */,
			);
			name = LaunchScreen.storyboard;
			sourceTree = "<group>";
		};
/* End PBXVariantGroup section */

/* Begin XCBuildConfiguration section */
		55C17D3B1C5CB87C00E91CF8 /* Debug */ = {
			isa = XCBuildConfiguration;
			buildSettings = {
				ALWAYS_SEARCH_USER_PATHS = NO;
				CLANG_CXX_LANGUAGE_STANDARD = "gnu++0x";
				CLANG_CXX_LIBRARY = "libc++";
				CLANG_ENABLE_MODULES = YES;
				CLANG_ENABLE_OBJC_ARC = YES;
				CLANG_WARN_BOOL_CONVERSION = YES;
				CLANG_WARN_CONSTANT_CONVERSION = YES;
				CLANG_WARN_DIRECT_OBJC_ISA_USAGE = YES_ERROR;
				CLANG_WARN_EMPTY_BODY = YES;
				CLANG_WARN_ENUM_CONVERSION = YES;
				CLANG_WARN_INT_CONVERSION = YES;
				CLANG_WARN_OBJC_ROOT_CLASS = YES_ERROR;
				CLANG_WARN_UNREACHABLE_CODE = YES;
				CLANG_WARN__DUPLICATE_METHOD_MATCH = YES;
				"CODE_SIGN_IDENTITY[sdk=iphoneos*]" = "iPhone Developer";
				COPY_PHASE_STRIP = NO;
				DEBUG_INFORMATION_FORMAT = dwarf;
				ENABLE_STRICT_OBJC_MSGSEND = YES;
				ENABLE_TESTABILITY = YES;
				GCC_C_LANGUAGE_STANDARD = gnu99;
				GCC_DYNAMIC_NO_PIC = NO;
				GCC_NO_COMMON_BLOCKS = YES;
				GCC_OPTIMIZATION_LEVEL = 0;
				GCC_PREPROCESSOR_DEFINITIONS = (
					"DEBUG=1",
					"$(inherited)",
				);
				GCC_WARN_64_TO_32_BIT_CONVERSION = YES;
				GCC_WARN_ABOUT_RETURN_TYPE = YES_ERROR;
				GCC_WARN_UNDECLARED_SELECTOR = YES;
				GCC_WARN_UNINITIALIZED_AUTOS = YES_AGGRESSIVE;
				GCC_WARN_UNUSED_FUNCTION = YES;
				GCC_WARN_UNUSED_VARIABLE = YES;
				IPHONEOS_DEPLOYMENT_TARGET = 9.2;
				MTL_ENABLE_DEBUG_INFO = YES;
				ONLY_ACTIVE_ARCH = YES;
				SDKROOT = iphoneos;
				SWIFT_OPTIMIZATION_LEVEL = "-Onone";
			};
			name = Debug;
		};
		55C17D3C1C5CB87C00E91CF8 /* Release */ = {
			isa = XCBuildConfiguration;
			buildSettings = {
				ALWAYS_SEARCH_USER_PATHS = NO;
				CLANG_CXX_LANGUAGE_STANDARD = "gnu++0x";
				CLANG_CXX_LIBRARY = "libc++";
				CLANG_ENABLE_MODULES = YES;
				CLANG_ENABLE_OBJC_ARC = YES;
				CLANG_WARN_BOOL_CONVERSION = YES;
				CLANG_WARN_CONSTANT_CONVERSION = YES;
				CLANG_WARN_DIRECT_OBJC_ISA_USAGE = YES_ERROR;
				CLANG_WARN_EMPTY_BODY = YES;
				CLANG_WARN_ENUM_CONVERSION = YES;
				CLANG_WARN_INT_CONVERSION = YES;
				CLANG_WARN_OBJC_ROOT_CLASS = YES_ERROR;
				CLANG_WARN_UNREACHABLE_CODE = YES;
				CLANG_WARN__DUPLICATE_METHOD_MATCH = YES;
				"CODE_SIGN_IDENTITY[sdk=iphoneos*]" = "iPhone Developer";
				COPY_PHASE_STRIP = NO;
				DEBUG_INFORMATION_FORMAT = "dwarf-with-dsym";
				ENABLE_NS_ASSERTIONS = NO;
				ENABLE_STRICT_OBJC_MSGSEND = YES;
				GCC_C_LANGUAGE_STANDARD = gnu99;
				GCC_NO_COMMON_BLOCKS = YES;
				GCC_WARN_64_TO_32_BIT_CONVERSION = YES;
				GCC_WARN_ABOUT_RETURN_TYPE = YES_ERROR;
				GCC_WARN_UNDECLARED_SELECTOR = YES;
				GCC_WARN_UNINITIALIZED_AUTOS = YES_AGGRESSIVE;
				GCC_WARN_UNUSED_FUNCTION = YES;
				GCC_WARN_UNUSED_VARIABLE = YES;
				IPHONEOS_DEPLOYMENT_TARGET = 9.2;
				MTL_ENABLE_DEBUG_INFO = NO;
				SDKROOT = iphoneos;
				VALIDATE_PRODUCT = YES;
			};
			name = Release;
		};
		55C17D3E1C5CB87C00E91CF8 /* Debug */ = {
			isa = XCBuildConfiguration;
			buildSettings = {
				ASSETCATALOG_COMPILER_APPICON_NAME = AppIcon;
				INFOPLIST_FILE = Pomodoro/Info.plist;
				LD_RUNPATH_SEARCH_PATHS = "$(inherited) @executable_path/Frameworks";
				PRODUCT_BUNDLE_IDENTIFIER = com.yatuhasiumai.Pomodoro;
				PRODUCT_NAME = "$(TARGET_NAME)";
			};
			name = Debug;
		};
		55C17D3F1C5CB87C00E91CF8 /* Release */ = {
			isa = XCBuildConfiguration;
			buildSettings = {
				ASSETCATALOG_COMPILER_APPICON_NAME = AppIcon;
				INFOPLIST_FILE = Pomodoro/Info.plist;
				LD_RUNPATH_SEARCH_PATHS = "$(inherited) @executable_path/Frameworks";
				PRODUCT_BUNDLE_IDENTIFIER = com.yatuhasiumai.Pomodoro;
				PRODUCT_NAME = "$(TARGET_NAME)";
			};
			name = Release;
		};
		55C17D411C5CB87C00E91CF8 /* Debug */ = {
			isa = XCBuildConfiguration;
			buildSettings = {
				BUNDLE_LOADER = "$(TEST_HOST)";
				INFOPLIST_FILE = PomodoroTests/Info.plist;
				LD_RUNPATH_SEARCH_PATHS = "$(inherited) @executable_path/Frameworks @loader_path/Frameworks";
				PRODUCT_BUNDLE_IDENTIFIER = com.yatuhasiumai.PomodoroTests;
				PRODUCT_NAME = "$(TARGET_NAME)";
				TEST_HOST = "$(BUILT_PRODUCTS_DIR)/Pomodoro.app/Pomodoro";
			};
			name = Debug;
		};
		55C17D421C5CB87C00E91CF8 /* Release */ = {
			isa = XCBuildConfiguration;
			buildSettings = {
				BUNDLE_LOADER = "$(TEST_HOST)";
				INFOPLIST_FILE = PomodoroTests/Info.plist;
				LD_RUNPATH_SEARCH_PATHS = "$(inherited) @executable_path/Frameworks @loader_path/Frameworks";
				PRODUCT_BUNDLE_IDENTIFIER = com.yatuhasiumai.PomodoroTests;
				PRODUCT_NAME = "$(TARGET_NAME)";
				TEST_HOST = "$(BUILT_PRODUCTS_DIR)/Pomodoro.app/Pomodoro";
			};
			name = Release;
		};
		55C17D441C5CB87C00E91CF8 /* Debug */ = {
			isa = XCBuildConfiguration;
			buildSettings = {
				INFOPLIST_FILE = PomodoroUITests/Info.plist;
				LD_RUNPATH_SEARCH_PATHS = "$(inherited) @executable_path/Frameworks @loader_path/Frameworks";
				PRODUCT_BUNDLE_IDENTIFIER = com.yatuhasiumai.PomodoroUITests;
				PRODUCT_NAME = "$(TARGET_NAME)";
				TEST_TARGET_NAME = Pomodoro;
				USES_XCTRUNNER = YES;
			};
			name = Debug;
		};
		55C17D451C5CB87C00E91CF8 /* Release */ = {
			isa = XCBuildConfiguration;
			buildSettings = {
				INFOPLIST_FILE = PomodoroUITests/Info.plist;
				LD_RUNPATH_SEARCH_PATHS = "$(inherited) @executable_path/Frameworks @loader_path/Frameworks";
				PRODUCT_BUNDLE_IDENTIFIER = com.yatuhasiumai.PomodoroUITests;
				PRODUCT_NAME = "$(TARGET_NAME)";
				TEST_TARGET_NAME = Pomodoro;
				USES_XCTRUNNER = YES;
			};
			name = Release;
		};
/* End XCBuildConfiguration section */

/* Begin XCConfigurationList section */
		55C17D101C5CB87C00E91CF8 /* Build configuration list for PBXProject "Pomodoro" */ = {
			isa = XCConfigurationList;
			buildConfigurations = (
				55C17D3B1C5CB87C00E91CF8 /* Debug */,
				55C17D3C1C5CB87C00E91CF8 /* Release */,
			);
			defaultConfigurationIsVisible = 0;
			defaultConfigurationName = Release;
		};
		55C17D3D1C5CB87C00E91CF8 /* Build configuration list for PBXNativeTarget "Pomodoro" */ = {
			isa = XCConfigurationList;
			buildConfigurations = (
				55C17D3E1C5CB87C00E91CF8 /* Debug */,
				55C17D3F1C5CB87C00E91CF8 /* Release */,
			);
			defaultConfigurationIsVisible = 0;
			defaultConfigurationName = Release;
		};
		55C17D401C5CB87C00E91CF8 /* Build configuration list for PBXNativeTarget "PomodoroTests" */ = {
			isa = XCConfigurationList;
			buildConfigurations = (
				55C17D411C5CB87C00E91CF8 /* Debug */,
				55C17D421C5CB87C00E91CF8 /* Release */,
			);
			defaultConfigurationIsVisible = 0;
			defaultConfigurationName = Release;
		};
		55C17D431C5CB87C00E91CF8 /* Build configuration list for PBXNativeTarget "PomodoroUITests" */ = {
			isa = XCConfigurationList;
			buildConfigurations = (
				55C17D441C5CB87C00E91CF8 /* Debug */,
				55C17D451C5CB87C00E91CF8 /* Release */,
			);
			defaultConfigurationIsVisible = 0;
			defaultConfigurationName = Release;
		};
/* End XCConfigurationList section */
	};
	rootObject = 55C17D0D1C5CB87C00E91CF8 /* Project object */;
}
